
Microsoft Visual Studio Solution File, Format Version 12.00
# Visual Studio Version 16
VisualStudioVersion = 16.0.31702.278
MinimumVisualStudioVersion = 10.0.40219.1
Project("{2150E333-8FDC-42A3-9474-1A3956D46DE8}") = "Solution Items", "Solution Items", "{E55D863A-BA2C-4125-9A02-421A304D803F}"
	ProjectSection(SolutionItems) = preProject
		.gitignore = .gitignore
		README.md = README.md
	EndProjectSection
EndProject
Project("{2150E333-8FDC-42A3-9474-1A3956D46DE8}") = "src", "src", "{A13D5EB3-E48A-4FCE-83B6-2C77D024FD56}"
EndProject
Project("{FAE04EC0-301F-11D3-BF4B-00C04F79EFBC}") = "MonitorDatabase", "src\MonitorDatabase\MonitorDatabase.csproj", "{0FAE7637-0F2D-4553-9E97-4121175987C4}"
EndProject
Global
	GlobalSection(SolutionConfigurationPlatforms) = preSolution
		Debug|Any CPU = Debug|Any CPU
		Release|Any CPU = Release|Any CPU
	EndGlobalSection
	GlobalSection(ProjectConfigurationPlatforms) = postSolution
		{0FAE7637-0F2D-4553-9E97-4121175987C4}.Debug|Any CPU.ActiveCfg = Debug|Any CPU
		{0FAE7637-0F2D-4553-9E97-4121175987C4}.Debug|Any CPU.Build.0 = Debug|Any CPU
		{0FAE7637-0F2D-4553-9E97-4121175987C4}.Release|Any CPU.ActiveCfg = Release|Any CPU
		{0FAE7637-0F2D-4553-9E97-4121175987C4}.Release|Any CPU.Build.0 = Release|Any CPU
	EndGlobalSection
	GlobalSection(SolutionProperties) = preSolution
		HideSolutionNode = FALSE
	EndGlobalSection
	GlobalSection(NestedProjects) = preSolution
		{0FAE7637-0F2D-4553-9E97-4121175987C4} = {A13D5EB3-E48A-4FCE-83B6-2C77D024FD56}
	EndGlobalSection
	GlobalSection(ExtensibilityGlobals) = postSolution
		SolutionGuid = {C4FB1CEE-951E-4E16-A38C-883B7044313B}
	EndGlobalSection
EndGlobal
